
Microsoft Visual Studio Solution File, Format Version 12.00
# Visual Studio 15
Project("{FAE04EC0-301F-11D3-BF4B-00C04F79EFBC}") = "Assembly-CSharp", "Assembly-CSharp.csproj", "{3532D397-8E60-DD49-6353-84124BC02C6C}"
EndProject
Project("{FAE04EC0-301F-11D3-BF4B-00C04F79EFBC}") = "Assembly-CSharp-Editor", "Assembly-CSharp-Editor.csproj", "{6FBEA821-6475-F05A-99CB-FD09EB302D4E}"
EndProject
Project("{FAE04EC0-301F-11D3-BF4B-00C04F79EFBC}") = "Unity.RenderPipelines.Universal.Config.Runtime", "Unity.RenderPipelines.Universal.Config.Runtime.csproj", "{2288FD14-1536-ADB9-1163-BA16566A81A1}"
EndProject
Project("{FAE04EC0-301F-11D3-BF4B-00C04F79EFBC}") = "Unity.RenderPipelines.Universal.Config.Editor.Tests", "Unity.RenderPipelines.Universal.Config.Editor.Tests.csproj", "{25BC0078-31DD-67F5-70E9-E10F43DCB2FC}"
EndProject
Global
	GlobalSection(SolutionConfigurationPlatforms) = preSolution
		Debug|Any CPU = Debug|Any CPU
		Release|Any CPU = Release|Any CPU
	EndGlobalSection
	GlobalSection(ProjectConfigurationPlatforms) = postSolution
		{3532D397-8E60-DD49-6353-84124BC02C6C}.Debug|Any CPU.ActiveCfg = Debug|Any CPU
		{3532D397-8E60-DD49-6353-84124BC02C6C}.Debug|Any CPU.Build.0 = Debug|Any CPU
		{3532D397-8E60-DD49-6353-84124BC02C6C}.Release|Any CPU.ActiveCfg = Release|Any CPU
		{3532D397-8E60-DD49-6353-84124BC02C6C}.Release|Any CPU.Build.0 = Release|Any CPU
		{6FBEA821-6475-F05A-99CB-FD09EB302D4E}.Debug|Any CPU.ActiveCfg = Debug|Any CPU
		{6FBEA821-6475-F05A-99CB-FD09EB302D4E}.Debug|Any CPU.Build.0 = Debug|Any CPU
		{6FBEA821-6475-F05A-99CB-FD09EB302D4E}.Release|Any CPU.ActiveCfg = Release|Any CPU
		{6FBEA821-6475-F05A-99CB-FD09EB302D4E}.Release|Any CPU.Build.0 = Release|Any CPU
		{2288FD14-1536-ADB9-1163-BA16566A81A1}.Debug|Any CPU.ActiveCfg = Debug|Any CPU
		{2288FD14-1536-ADB9-1163-BA16566A81A1}.Debug|Any CPU.Build.0 = Debug|Any CPU
		{2288FD14-1536-ADB9-1163-BA16566A81A1}.Release|Any CPU.ActiveCfg = Release|Any CPU
		{2288FD14-1536-ADB9-1163-BA16566A81A1}.Release|Any CPU.Build.0 = Release|Any CPU
		{25BC0078-31DD-67F5-70E9-E10F43DCB2FC}.Debug|Any CPU.ActiveCfg = Debug|Any CPU
		{25BC0078-31DD-67F5-70E9-E10F43DCB2FC}.Debug|Any CPU.Build.0 = Debug|Any CPU
		{25BC0078-31DD-67F5-70E9-E10F43DCB2FC}.Release|Any CPU.ActiveCfg = Release|Any CPU
		{25BC0078-31DD-67F5-70E9-E10F43DCB2FC}.Release|Any CPU.Build.0 = Release|Any CPU
	EndGlobalSection
	GlobalSection(SolutionProperties) = preSolution
		HideSolutionNode = FALSE
	EndGlobalSection
EndGlobal
